
Microsoft Visual Studio Solution File, Format Version 12.00
# Visual Studio Version 17
VisualStudioVersion = 17.6.33801.468
MinimumVisualStudioVersion = 10.0.40219.1
Project("{FAE04EC0-301F-11D3-BF4B-00C04F79EFBC}") = "Simple Clicking Game WPF", "Simple Clicking Game WPF.csproj", "{BB8DF4C3-612A-454C-95B5-6DBB5EC6E3C7}"
EndProject
Global
	GlobalSection(SolutionConfigurationPlatforms) = preSolution
		Debug|Any CPU = Debug|Any CPU
		Release|Any CPU = Release|Any CPU
	EndGlobalSection
	GlobalSection(ProjectConfigurationPlatforms) = postSolution
		{BB8DF4C3-612A-454C-95B5-6DBB5EC6E3C7}.Debug|Any CPU.ActiveCfg = Debug|Any CPU
		{BB8DF4C3-612A-454C-95B5-6DBB5EC6E3C7}.Debug|Any CPU.Build.0 = Debug|Any CPU
		{BB8DF4C3-612A-454C-95B5-6DBB5EC6E3C7}.Release|Any CPU.ActiveCfg = Release|Any CPU
		{BB8DF4C3-612A-454C-95B5-6DBB5EC6E3C7}.Release|Any CPU.Build.0 = Release|Any CPU
	EndGlobalSection
	GlobalSection(SolutionProperties) = preSolution
		HideSolutionNode = FALSE
	EndGlobalSection
	GlobalSection(ExtensibilityGlobals) = postSolution
		SolutionGuid = {A76B875D-4FDE-4787-91D8-960AB0385DFC}
	EndGlobalSection
EndGlobal
